// !$*UTF8*$!
{
	archiveVersion = 1;
	classes = {
	};
	objectVersion = 55;
	objects = {

/* Begin PBXBuildFile section */
		67399C29274C29BB007C4EF6 /* AppDelegate.swift in Sources */ = {isa = PBXBuildFile; fileRef = 67399C28274C29BB007C4EF6 /* AppDelegate.swift */; };
		67399C32274C29BD007C4EF6 /* Assets.xcassets in Resources */ = {isa = PBXBuildFile; fileRef = 67399C31274C29BD007C4EF6 /* Assets.xcassets */; };
		67399C35274C29BD007C4EF6 /* LaunchScreen.storyboard in Resources */ = {isa = PBXBuildFile; fileRef = 67399C33274C29BD007C4EF6 /* LaunchScreen.storyboard */; };
		67399C42274C2F03007C4EF6 /* AppRouter.swift in Sources */ = {isa = PBXBuildFile; fileRef = 67399C41274C2F03007C4EF6 /* AppRouter.swift */; };
		67399C44274C2F11007C4EF6 /* AppContainer.swift in Sources */ = {isa = PBXBuildFile; fileRef = 67399C43274C2F11007C4EF6 /* AppContainer.swift */; };
		67399C4A274C3126007C4EF6 /* MovieApiService.swift in Sources */ = {isa = PBXBuildFile; fileRef = 67399C49274C3126007C4EF6 /* MovieApiService.swift */; };
		67399C4C274C3146007C4EF6 /* MovieApiServiceProtocol.swift in Sources */ = {isa = PBXBuildFile; fileRef = 67399C4B274C3146007C4EF6 /* MovieApiServiceProtocol.swift */; };
		67399C4E274C31C0007C4EF6 /* Movie.swift in Sources */ = {isa = PBXBuildFile; fileRef = 67399C4D274C31C0007C4EF6 /* Movie.swift */; };
		67399C50274C31CD007C4EF6 /* MovieDetail.swift in Sources */ = {isa = PBXBuildFile; fileRef = 67399C4F274C31CD007C4EF6 /* MovieDetail.swift */; };
		67399C52274C3206007C4EF6 /* Operation.swift in Sources */ = {isa = PBXBuildFile; fileRef = 67399C51274C3206007C4EF6 /* Operation.swift */; };
		67399C54274C32EB007C4EF6 /* GetPopularsOperation.swift in Sources */ = {isa = PBXBuildFile; fileRef = 67399C53274C32EB007C4EF6 /* GetPopularsOperation.swift */; };
		67399C56274C3314007C4EF6 /* GetDetailOperation.swift in Sources */ = {isa = PBXBuildFile; fileRef = 67399C55274C3314007C4EF6 /* GetDetailOperation.swift */; };
		67399C58274C3340007C4EF6 /* Request.swift in Sources */ = {isa = PBXBuildFile; fileRef = 67399C57274C3340007C4EF6 /* Request.swift */; };
		67399C5A274C339E007C4EF6 /* MovieRequests.swift in Sources */ = {isa = PBXBuildFile; fileRef = 67399C59274C339E007C4EF6 /* MovieRequests.swift */; };
		67399C5C274C33DB007C4EF6 /* Dispatcher.swift in Sources */ = {isa = PBXBuildFile; fileRef = 67399C5B274C33DB007C4EF6 /* Dispatcher.swift */; };
		67399C5E274C33F1007C4EF6 /* Response.swift in Sources */ = {isa = PBXBuildFile; fileRef = 67399C5D274C33F1007C4EF6 /* Response.swift */; };
		67399C60274C3403007C4EF6 /* NetworkDispatcher.swift in Sources */ = {isa = PBXBuildFile; fileRef = 67399C5F274C3403007C4EF6 /* NetworkDispatcher.swift */; };
		67399C62274C3414007C4EF6 /* Environment.swift in Sources */ = {isa = PBXBuildFile; fileRef = 67399C61274C3414007C4EF6 /* Environment.swift */; };
		67399C64274C3425007C4EF6 /* Result.swift in Sources */ = {isa = PBXBuildFile; fileRef = 67399C63274C3425007C4EF6 /* Result.swift */; };
		67399C67274C3F4F007C4EF6 /* InternetConnectionManager.swift in Sources */ = {isa = PBXBuildFile; fileRef = 67399C66274C3F4F007C4EF6 /* InternetConnectionManager.swift */; };
		67399C74274C3FD1007C4EF6 /* MovieListContracts.swift in Sources */ = {isa = PBXBuildFile; fileRef = 67399C69274C3FD1007C4EF6 /* MovieListContracts.swift */; };
		67399C75274C3FD1007C4EF6 /* MovieListViewController.swift in Sources */ = {isa = PBXBuildFile; fileRef = 67399C6A274C3FD1007C4EF6 /* MovieListViewController.swift */; };
		67399C76274C3FD1007C4EF6 /* MovieList.storyboard in Resources */ = {isa = PBXBuildFile; fileRef = 67399C6B274C3FD1007C4EF6 /* MovieList.storyboard */; };
		67399C77274C3FD1007C4EF6 /* MovieListBuilder.swift in Sources */ = {isa = PBXBuildFile; fileRef = 67399C6C274C3FD1007C4EF6 /* MovieListBuilder.swift */; };
		67399C78274C3FD1007C4EF6 /* MovieListViewModel.swift in Sources */ = {isa = PBXBuildFile; fileRef = 67399C6D274C3FD1007C4EF6 /* MovieListViewModel.swift */; };
		67399C79274C3FD1007C4EF6 /* MovieDetailViewController.swift in Sources */ = {isa = PBXBuildFile; fileRef = 67399C6F274C3FD1007C4EF6 /* MovieDetailViewController.swift */; };
		67399C7A274C3FD1007C4EF6 /* MovieDetailViewModel.swift in Sources */ = {isa = PBXBuildFile; fileRef = 67399C70274C3FD1007C4EF6 /* MovieDetailViewModel.swift */; };
		67399C7B274C3FD1007C4EF6 /* MovieDetailBuilder.swift in Sources */ = {isa = PBXBuildFile; fileRef = 67399C71274C3FD1007C4EF6 /* MovieDetailBuilder.swift */; };
		67399C7C274C3FD1007C4EF6 /* MovieDetail.storyboard in Resources */ = {isa = PBXBuildFile; fileRef = 67399C72274C3FD1007C4EF6 /* MovieDetail.storyboard */; };
		67399C7D274C3FD1007C4EF6 /* MovieDetailContracts.swift in Sources */ = {isa = PBXBuildFile; fileRef = 67399C73274C3FD1007C4EF6 /* MovieDetailContracts.swift */; };
		67399C80274C4496007C4EF6 /* UIView+.swift in Sources */ = {isa = PBXBuildFile; fileRef = 67399C7F274C4496007C4EF6 /* UIView+.swift */; };
		67399C83274C45A7007C4EF6 /* MovieDetailRow.swift in Sources */ = {isa = PBXBuildFile; fileRef = 67399C82274C45A7007C4EF6 /* MovieDetailRow.swift */; };
		7C30AA4D88B255A3CF45970B /* Pods_movie_master.framework in Frameworks */ = {isa = PBXBuildFile; fileRef = 2A96F9C87AF4AFD1C5FA6DCF /* Pods_movie_master.framework */; };
/* End PBXBuildFile section */

/* Begin PBXFileReference section */
		2A96F9C87AF4AFD1C5FA6DCF /* Pods_movie_master.framework */ = {isa = PBXFileReference; explicitFileType = wrapper.framework; includeInIndex = 0; path = Pods_movie_master.framework; sourceTree = BUILT_PRODUCTS_DIR; };
		5BE4EF27CA070A508263A152 /* Pods-movie-master.debug.xcconfig */ = {isa = PBXFileReference; includeInIndex = 1; lastKnownFileType = text.xcconfig; name = "Pods-movie-master.debug.xcconfig"; path = "Target Support Files/Pods-movie-master/Pods-movie-master.debug.xcconfig"; sourceTree = "<group>"; };
		67399C25274C29BB007C4EF6 /* movie-master.app */ = {isa = PBXFileReference; explicitFileType = wrapper.application; includeInIndex = 0; path = "movie-master.app"; sourceTree = BUILT_PRODUCTS_DIR; };
		67399C28274C29BB007C4EF6 /* AppDelegate.swift */ = {isa = PBXFileReference; lastKnownFileType = sourcecode.swift; path = AppDelegate.swift; sourceTree = "<group>"; };
		67399C31274C29BD007C4EF6 /* Assets.xcassets */ = {isa = PBXFileReference; lastKnownFileType = folder.assetcatalog; path = Assets.xcassets; sourceTree = "<group>"; };
		67399C34274C29BD007C4EF6 /* Base */ = {isa = PBXFileReference; lastKnownFileType = file.storyboard; name = Base; path = Base.lproj/LaunchScreen.storyboard; sourceTree = "<group>"; };
		67399C36274C29BD007C4EF6 /* Info.plist */ = {isa = PBXFileReference; lastKnownFileType = text.plist.xml; path = Info.plist; sourceTree = "<group>"; };
		67399C41274C2F03007C4EF6 /* AppRouter.swift */ = {isa = PBXFileReference; lastKnownFileType = sourcecode.swift; path = AppRouter.swift; sourceTree = "<group>"; };
		67399C43274C2F11007C4EF6 /* AppContainer.swift */ = {isa = PBXFileReference; lastKnownFileType = sourcecode.swift; path = AppContainer.swift; sourceTree = "<group>"; };
		67399C49274C3126007C4EF6 /* MovieApiService.swift */ = {isa = PBXFileReference; lastKnownFileType = sourcecode.swift; path = MovieApiService.swift; sourceTree = "<group>"; };
		67399C4B274C3146007C4EF6 /* MovieApiServiceProtocol.swift */ = {isa = PBXFileReference; lastKnownFileType = sourcecode.swift; path = MovieApiServiceProtocol.swift; sourceTree = "<group>"; };
		67399C4D274C31C0007C4EF6 /* Movie.swift */ = {isa = PBXFileReference; lastKnownFileType = sourcecode.swift; path = Movie.swift; sourceTree = "<group>"; };
		67399C4F274C31CD007C4EF6 /* MovieDetail.swift */ = {isa = PBXFileReference; lastKnownFileType = sourcecode.swift; path = MovieDetail.swift; sourceTree = "<group>"; };
		67399C51274C3206007C4EF6 /* Operation.swift */ = {isa = PBXFileReference; lastKnownFileType = sourcecode.swift; path = Operation.swift; sourceTree = "<group>"; };
		67399C53274C32EB007C4EF6 /* GetPopularsOperation.swift */ = {isa = PBXFileReference; lastKnownFileType = sourcecode.swift; path = GetPopularsOperation.swift; sourceTree = "<group>"; };
		67399C55274C3314007C4EF6 /* GetDetailOperation.swift */ = {isa = PBXFileReference; lastKnownFileType = sourcecode.swift; path = GetDetailOperation.swift; sourceTree = "<group>"; };
		67399C57274C3340007C4EF6 /* Request.swift */ = {isa = PBXFileReference; lastKnownFileType = sourcecode.swift; path = Request.swift; sourceTree = "<group>"; };
		67399C59274C339E007C4EF6 /* MovieRequests.swift */ = {isa = PBXFileReference; lastKnownFileType = sourcecode.swift; path = MovieRequests.swift; sourceTree = "<group>"; };
		67399C5B274C33DB007C4EF6 /* Dispatcher.swift */ = {isa = PBXFileReference; lastKnownFileType = sourcecode.swift; path = Dispatcher.swift; sourceTree = "<group>"; };
		67399C5D274C33F1007C4EF6 /* Response.swift */ = {isa = PBXFileReference; lastKnownFileType = sourcecode.swift; path = Response.swift; sourceTree = "<group>"; };
		67399C5F274C3403007C4EF6 /* NetworkDispatcher.swift */ = {isa = PBXFileReference; lastKnownFileType = sourcecode.swift; path = NetworkDispatcher.swift; sourceTree = "<group>"; };
		67399C61274C3414007C4EF6 /* Environment.swift */ = {isa = PBXFileReference; lastKnownFileType = sourcecode.swift; path = Environment.swift; sourceTree = "<group>"; };
		67399C63274C3425007C4EF6 /* Result.swift */ = {isa = PBXFileReference; lastKnownFileType = sourcecode.swift; path = Result.swift; sourceTree = "<group>"; };
		67399C66274C3F4F007C4EF6 /* InternetConnectionManager.swift */ = {isa = PBXFileReference; lastKnownFileType = sourcecode.swift; path = InternetConnectionManager.swift; sourceTree = "<group>"; };
		67399C69274C3FD1007C4EF6 /* MovieListContracts.swift */ = {isa = PBXFileReference; fileEncoding = 4; lastKnownFileType = sourcecode.swift; path = MovieListContracts.swift; sourceTree = "<group>"; };
		67399C6A274C3FD1007C4EF6 /* MovieListViewController.swift */ = {isa = PBXFileReference; fileEncoding = 4; lastKnownFileType = sourcecode.swift; path = MovieListViewController.swift; sourceTree = "<group>"; };
		67399C6B274C3FD1007C4EF6 /* MovieList.storyboard */ = {isa = PBXFileReference; fileEncoding = 4; lastKnownFileType = file.storyboard; path = MovieList.storyboard; sourceTree = "<group>"; };
		67399C6C274C3FD1007C4EF6 /* MovieListBuilder.swift */ = {isa = PBXFileReference; fileEncoding = 4; lastKnownFileType = sourcecode.swift; path = MovieListBuilder.swift; sourceTree = "<group>"; };
		67399C6D274C3FD1007C4EF6 /* MovieListViewModel.swift */ = {isa = PBXFileReference; fileEncoding = 4; lastKnownFileType = sourcecode.swift; path = MovieListViewModel.swift; sourceTree = "<group>"; };
		67399C6F274C3FD1007C4EF6 /* MovieDetailViewController.swift */ = {isa = PBXFileReference; fileEncoding = 4; lastKnownFileType = sourcecode.swift; path = MovieDetailViewController.swift; sourceTree = "<group>"; };
		67399C70274C3FD1007C4EF6 /* MovieDetailViewModel.swift */ = {isa = PBXFileReference; fileEncoding = 4; lastKnownFileType = sourcecode.swift; path = MovieDetailViewModel.swift; sourceTree = "<group>"; };
		67399C71274C3FD1007C4EF6 /* MovieDetailBuilder.swift */ = {isa = PBXFileReference; fileEncoding = 4; lastKnownFileType = sourcecode.swift; path = MovieDetailBuilder.swift; sourceTree = "<group>"; };
		67399C72274C3FD1007C4EF6 /* MovieDetail.storyboard */ = {isa = PBXFileReference; fileEncoding = 4; lastKnownFileType = file.storyboard; path = MovieDetail.storyboard; sourceTree = "<group>"; };
		67399C73274C3FD1007C4EF6 /* MovieDetailContracts.swift */ = {isa = PBXFileReference; fileEncoding = 4; lastKnownFileType = sourcecode.swift; path = MovieDetailContracts.swift; sourceTree = "<group>"; };
		67399C7F274C4496007C4EF6 /* UIView+.swift */ = {isa = PBXFileReference; lastKnownFileType = sourcecode.swift; path = "UIView+.swift"; sourceTree = "<group>"; };
		67399C82274C45A7007C4EF6 /* MovieDetailRow.swift */ = {isa = PBXFileReference; lastKnownFileType = sourcecode.swift; path = MovieDetailRow.swift; sourceTree = "<group>"; };
		6D0ED0C583735D38C54E6DE6 /* Pods-movie-master.release.xcconfig */ = {isa = PBXFileReference; includeInIndex = 1; lastKnownFileType = text.xcconfig; name = "Pods-movie-master.release.xcconfig"; path = "Target Support Files/Pods-movie-master/Pods-movie-master.release.xcconfig"; sourceTree = "<group>"; };
/* End PBXFileReference section */

/* Begin PBXFrameworksBuildPhase section */
		67399C22274C29BB007C4EF6 /* Frameworks */ = {
			isa = PBXFrameworksBuildPhase;
			buildActionMask = 2147483647;
			files = (
				7C30AA4D88B255A3CF45970B /* Pods_movie_master.framework in Frameworks */,
			);
			runOnlyForDeploymentPostprocessing = 0;
		};
/* End PBXFrameworksBuildPhase section */

/* Begin PBXGroup section */
		296D289F1E420F7930D37239 /* Frameworks */ = {
			isa = PBXGroup;
			children = (
				2A96F9C87AF4AFD1C5FA6DCF /* Pods_movie_master.framework */,
			);
			name = Frameworks;
			sourceTree = "<group>";
		};
		67399C1C274C29BB007C4EF6 = {
			isa = PBXGroup;
			children = (
				67399C27274C29BB007C4EF6 /* movie-master */,
				67399C26274C29BB007C4EF6 /* Products */,
				E5791BFC42F063B08176884B /* Pods */,
				296D289F1E420F7930D37239 /* Frameworks */,
			);
			sourceTree = "<group>";
		};
		67399C26274C29BB007C4EF6 /* Products */ = {
			isa = PBXGroup;
			children = (
				67399C25274C29BB007C4EF6 /* movie-master.app */,
			);
			name = Products;
			sourceTree = "<group>";
		};
		67399C27274C29BB007C4EF6 /* movie-master */ = {
			isa = PBXGroup;
			children = (
				67399C3C274C2D77007C4EF6 /* Network */,
				67399C3E274C2D91007C4EF6 /* App */,
				67399C40274C2DAB007C4EF6 /* Resources */,
				67399C3F274C2D9C007C4EF6 /* Scenes */,
				67399C3D274C2D86007C4EF6 /* Support */,
			);
			path = "movie-master";
			sourceTree = "<group>";
		};
		67399C3C274C2D77007C4EF6 /* Network */ = {
			isa = PBXGroup;
			children = (
				67399C45274C2FCB007C4EF6 /* Services */,
				67399C46274C2FE0007C4EF6 /* Models */,
				67399C47274C2FF0007C4EF6 /* Operations */,
				67399C48274C2FFD007C4EF6 /* Requests */,
				67399C5B274C33DB007C4EF6 /* Dispatcher.swift */,
				67399C5D274C33F1007C4EF6 /* Response.swift */,
				67399C5F274C3403007C4EF6 /* NetworkDispatcher.swift */,
				67399C61274C3414007C4EF6 /* Environment.swift */,
				67399C63274C3425007C4EF6 /* Result.swift */,
			);
			path = Network;
			sourceTree = "<group>";
		};
		67399C3D274C2D86007C4EF6 /* Support */ = {
			isa = PBXGroup;
			children = (
				67399C81274C458A007C4EF6 /* CustomRows */,
				67399C7E274C4482007C4EF6 /* Extensions */,
				67399C65274C3F43007C4EF6 /* Helpers */,
				67399C36274C29BD007C4EF6 /* Info.plist */,
				67399C33274C29BD007C4EF6 /* LaunchScreen.storyboard */,
			);
			path = Support;
			sourceTree = "<group>";
		};
		67399C3E274C2D91007C4EF6 /* App */ = {
			isa = PBXGroup;
			children = (
				67399C28274C29BB007C4EF6 /* AppDelegate.swift */,
				67399C41274C2F03007C4EF6 /* AppRouter.swift */,
				67399C43274C2F11007C4EF6 /* AppContainer.swift */,
			);
			path = App;
			sourceTree = "<group>";
		};
		67399C3F274C2D9C007C4EF6 /* Scenes */ = {
			isa = PBXGroup;
			children = (
				67399C6E274C3FD1007C4EF6 /* MovieDetail */,
				67399C68274C3FD1007C4EF6 /* MovieList */,
			);
			path = Scenes;
			sourceTree = "<group>";
		};
		67399C40274C2DAB007C4EF6 /* Resources */ = {
			isa = PBXGroup;
			children = (
				67399C31274C29BD007C4EF6 /* Assets.xcassets */,
			);
			path = Resources;
			sourceTree = "<group>";
		};
		67399C45274C2FCB007C4EF6 /* Services */ = {
			isa = PBXGroup;
			children = (
				67399C49274C3126007C4EF6 /* MovieApiService.swift */,
				67399C4B274C3146007C4EF6 /* MovieApiServiceProtocol.swift */,
			);
			path = Services;
			sourceTree = "<group>";
		};
		67399C46274C2FE0007C4EF6 /* Models */ = {
			isa = PBXGroup;
			children = (
				67399C4D274C31C0007C4EF6 /* Movie.swift */,
				67399C4F274C31CD007C4EF6 /* MovieDetail.swift */,
			);
			path = Models;
			sourceTree = "<group>";
		};
		67399C47274C2FF0007C4EF6 /* Operations */ = {
			isa = PBXGroup;
			children = (
				67399C51274C3206007C4EF6 /* Operation.swift */,
				67399C53274C32EB007C4EF6 /* GetPopularsOperation.swift */,
				67399C55274C3314007C4EF6 /* GetDetailOperation.swift */,
			);
			path = Operations;
			sourceTree = "<group>";
		};
		67399C48274C2FFD007C4EF6 /* Requests */ = {
			isa = PBXGroup;
			children = (
				67399C57274C3340007C4EF6 /* Request.swift */,
				67399C59274C339E007C4EF6 /* MovieRequests.swift */,
			);
			path = Requests;
			sourceTree = "<group>";
		};
		67399C65274C3F43007C4EF6 /* Helpers */ = {
			isa = PBXGroup;
			children = (
				67399C66274C3F4F007C4EF6 /* InternetConnectionManager.swift */,
			);
			path = Helpers;
			sourceTree = "<group>";
		};
		67399C68274C3FD1007C4EF6 /* MovieList */ = {
			isa = PBXGroup;
			children = (
				67399C69274C3FD1007C4EF6 /* MovieListContracts.swift */,
				67399C6A274C3FD1007C4EF6 /* MovieListViewController.swift */,
				67399C6B274C3FD1007C4EF6 /* MovieList.storyboard */,
				67399C6C274C3FD1007C4EF6 /* MovieListBuilder.swift */,
				67399C6D274C3FD1007C4EF6 /* MovieListViewModel.swift */,
			);
			path = MovieList;
			sourceTree = "<group>";
		};
		67399C6E274C3FD1007C4EF6 /* MovieDetail */ = {
			isa = PBXGroup;
			children = (
				67399C6F274C3FD1007C4EF6 /* MovieDetailViewController.swift */,
				67399C70274C3FD1007C4EF6 /* MovieDetailViewModel.swift */,
				67399C71274C3FD1007C4EF6 /* MovieDetailBuilder.swift */,
				67399C72274C3FD1007C4EF6 /* MovieDetail.storyboard */,
				67399C73274C3FD1007C4EF6 /* MovieDetailContracts.swift */,
			);
			path = MovieDetail;
			sourceTree = "<group>";
		};
		67399C7E274C4482007C4EF6 /* Extensions */ = {
			isa = PBXGroup;
			children = (
				67399C7F274C4496007C4EF6 /* UIView+.swift */,
			);
			path = Extensions;
			sourceTree = "<group>";
		};
		67399C81274C458A007C4EF6 /* CustomRows */ = {
			isa = PBXGroup;
			children = (
				67399C82274C45A7007C4EF6 /* MovieDetailRow.swift */,
			);
			path = CustomRows;
			sourceTree = "<group>";
		};
		E5791BFC42F063B08176884B /* Pods */ = {
			isa = PBXGroup;
			children = (
				5BE4EF27CA070A508263A152 /* Pods-movie-master.debug.xcconfig */,
				6D0ED0C583735D38C54E6DE6 /* Pods-movie-master.release.xcconfig */,
			);
			path = Pods;
			sourceTree = "<group>";
		};
/* End PBXGroup section */

/* Begin PBXNativeTarget section */
		67399C24274C29BB007C4EF6 /* movie-master */ = {
			isa = PBXNativeTarget;
			buildConfigurationList = 67399C39274C29BD007C4EF6 /* Build configuration list for PBXNativeTarget "movie-master" */;
			buildPhases = (
				DF1EB6A2BD321D0EFF33E9C0 /* [CP] Check Pods Manifest.lock */,
				67399C21274C29BB007C4EF6 /* Sources */,
				67399C22274C29BB007C4EF6 /* Frameworks */,
				67399C23274C29BB007C4EF6 /* Resources */,
				8FEBBF1C40A5CAFFA971546D /* [CP] Embed Pods Frameworks */,
			);
			buildRules = (
			);
			dependencies = (
			);
			name = "movie-master";
			productName = "movie-master";
			productReference = 67399C25274C29BB007C4EF6 /* movie-master.app */;
			productType = "com.apple.product-type.application";
		};
/* End PBXNativeTarget section */

/* Begin PBXProject section */
		67399C1D274C29BB007C4EF6 /* Project object */ = {
			isa = PBXProject;
			attributes = {
				BuildIndependentTargetsInParallel = 1;
				LastSwiftUpdateCheck = 1310;
				LastUpgradeCheck = 1310;
				TargetAttributes = {
					67399C24274C29BB007C4EF6 = {
						CreatedOnToolsVersion = 13.1;
					};
				};
			};
			buildConfigurationList = 67399C20274C29BB007C4EF6 /* Build configuration list for PBXProject "movie-master" */;
			compatibilityVersion = "Xcode 13.0";
			developmentRegion = en;
			hasScannedForEncodings = 0;
			knownRegions = (
				en,
				Base,
			);
			mainGroup = 67399C1C274C29BB007C4EF6;
			productRefGroup = 67399C26274C29BB007C4EF6 /* Products */;
			projectDirPath = "";
			projectRoot = "";
			targets = (
				67399C24274C29BB007C4EF6 /* movie-master */,
			);
		};
/* End PBXProject section */

/* Begin PBXResourcesBuildPhase section */
		67399C23274C29BB007C4EF6 /* Resources */ = {
			isa = PBXResourcesBuildPhase;
			buildActionMask = 2147483647;
			files = (
				67399C7C274C3FD1007C4EF6 /* MovieDetail.storyboard in Resources */,
				67399C35274C29BD007C4EF6 /* LaunchScreen.storyboard in Resources */,
				67399C76274C3FD1007C4EF6 /* MovieList.storyboard in Resources */,
				67399C32274C29BD007C4EF6 /* Assets.xcassets in Resources */,
			);
			runOnlyForDeploymentPostprocessing = 0;
		};
/* End PBXResourcesBuildPhase section */

/* Begin PBXShellScriptBuildPhase section */
		8FEBBF1C40A5CAFFA971546D /* [CP] Embed Pods Frameworks */ = {
			isa = PBXShellScriptBuildPhase;
			buildActionMask = 2147483647;
			files = (
			);
			inputFileListPaths = (
				"${PODS_ROOT}/Target Support Files/Pods-movie-master/Pods-movie-master-frameworks-${CONFIGURATION}-input-files.xcfilelist",
			);
			name = "[CP] Embed Pods Frameworks";
			outputFileListPaths = (
				"${PODS_ROOT}/Target Support Files/Pods-movie-master/Pods-movie-master-frameworks-${CONFIGURATION}-output-files.xcfilelist",
			);
			runOnlyForDeploymentPostprocessing = 0;
			shellPath = /bin/sh;
			shellScript = "\"${PODS_ROOT}/Target Support Files/Pods-movie-master/Pods-movie-master-frameworks.sh\"\n";
			showEnvVarsInLog = 0;
		};
		DF1EB6A2BD321D0EFF33E9C0 /* [CP] Check Pods Manifest.lock */ = {
			isa = PBXShellScriptBuildPhase;
			buildActionMask = 2147483647;
			files = (
			);
			inputFileListPaths = (
			);
			inputPaths = (
				"${PODS_PODFILE_DIR_PATH}/Podfile.lock",
				"${PODS_ROOT}/Manifest.lock",
			);
			name = "[CP] Check Pods Manifest.lock";
			outputFileListPaths = (
			);
			outputPaths = (
				"$(DERIVED_FILE_DIR)/Pods-movie-master-checkManifestLockResult.txt",
			);
			runOnlyForDeploymentPostprocessing = 0;
			shellPath = /bin/sh;
			shellScript = "diff \"${PODS_PODFILE_DIR_PATH}/Podfile.lock\" \"${PODS_ROOT}/Manifest.lock\" > /dev/null\nif [ $? != 0 ] ; then\n    # print error to STDERR\n    echo \"error: The sandbox is not in sync with the Podfile.lock. Run 'pod install' or update your CocoaPods installation.\" >&2\n    exit 1\nfi\n# This output is used by Xcode 'outputs' to avoid re-running this script phase.\necho \"SUCCESS\" > \"${SCRIPT_OUTPUT_FILE_0}\"\n";
			showEnvVarsInLog = 0;
		};
/* End PBXShellScriptBuildPhase section */

/* Begin PBXSourcesBuildPhase section */
		67399C21274C29BB007C4EF6 /* Sources */ = {
			isa = PBXSourcesBuildPhase;
			buildActionMask = 2147483647;
			files = (
				67399C5C274C33DB007C4EF6 /* Dispatcher.swift in Sources */,
				67399C78274C3FD1007C4EF6 /* MovieListViewModel.swift in Sources */,
				67399C62274C3414007C4EF6 /* Environment.swift in Sources */,
				67399C42274C2F03007C4EF6 /* AppRouter.swift in Sources */,
				67399C75274C3FD1007C4EF6 /* MovieListViewController.swift in Sources */,
				67399C50274C31CD007C4EF6 /* MovieDetail.swift in Sources */,
				67399C7B274C3FD1007C4EF6 /* MovieDetailBuilder.swift in Sources */,
				67399C60274C3403007C4EF6 /* NetworkDispatcher.swift in Sources */,
				67399C4C274C3146007C4EF6 /* MovieApiServiceProtocol.swift in Sources */,
				67399C7D274C3FD1007C4EF6 /* MovieDetailContracts.swift in Sources */,
				67399C77274C3FD1007C4EF6 /* MovieListBuilder.swift in Sources */,
				67399C52274C3206007C4EF6 /* Operation.swift in Sources */,
				67399C58274C3340007C4EF6 /* Request.swift in Sources */,
				67399C5E274C33F1007C4EF6 /* Response.swift in Sources */,
				67399C54274C32EB007C4EF6 /* GetPopularsOperation.swift in Sources */,
				67399C80274C4496007C4EF6 /* UIView+.swift in Sources */,
				67399C79274C3FD1007C4EF6 /* MovieDetailViewController.swift in Sources */,
				67399C5A274C339E007C4EF6 /* MovieRequests.swift in Sources */,
				67399C4E274C31C0007C4EF6 /* Movie.swift in Sources */,
				67399C7A274C3FD1007C4EF6 /* MovieDetailViewModel.swift in Sources */,
				67399C67274C3F4F007C4EF6 /* InternetConnectionManager.swift in Sources */,
				67399C29274C29BB007C4EF6 /* AppDelegate.swift in Sources */,
				67399C83274C45A7007C4EF6 /* MovieDetailRow.swift in Sources */,
				67399C56274C3314007C4EF6 /* GetDetailOperation.swift in Sources */,
				67399C74274C3FD1007C4EF6 /* MovieListContracts.swift in Sources */,
				67399C64274C3425007C4EF6 /* Result.swift in Sources */,
				67399C44274C2F11007C4EF6 /* AppContainer.swift in Sources */,
				67399C4A274C3126007C4EF6 /* MovieApiService.swift in Sources */,
			);
			runOnlyForDeploymentPostprocessing = 0;
		};
/* End PBXSourcesBuildPhase section */

/* Begin PBXVariantGroup section */
		67399C33274C29BD007C4EF6 /* LaunchScreen.storyboard */ = {
			isa = PBXVariantGroup;
			children = (
				67399C34274C29BD007C4EF6 /* Base */,
			);
			name = LaunchScreen.storyboard;
			sourceTree = "<group>";
		};
/* End PBXVariantGroup section */

/* Begin XCBuildConfiguration section */
		67399C37274C29BD007C4EF6 /* Debug */ = {
			isa = XCBuildConfiguration;
			buildSettings = {
				ALWAYS_SEARCH_USER_PATHS = NO;
				CLANG_ANALYZER_NONNULL = YES;
				CLANG_ANALYZER_NUMBER_OBJECT_CONVERSION = YES_AGGRESSIVE;
				CLANG_CXX_LANGUAGE_STANDARD = "gnu++17";
				CLANG_CXX_LIBRARY = "libc++";
				CLANG_ENABLE_MODULES = YES;
				CLANG_ENABLE_OBJC_ARC = YES;
				CLANG_ENABLE_OBJC_WEAK = YES;
				CLANG_WARN_BLOCK_CAPTURE_AUTORELEASING = YES;
				CLANG_WARN_BOOL_CONVERSION = YES;
				CLANG_WARN_COMMA = YES;
				CLANG_WARN_CONSTANT_CONVERSION = YES;
				CLANG_WARN_DEPRECATED_OBJC_IMPLEMENTATIONS = YES;
				CLANG_WARN_DIRECT_OBJC_ISA_USAGE = YES_ERROR;
				CLANG_WARN_DOCUMENTATION_COMMENTS = YES;
				CLANG_WARN_EMPTY_BODY = YES;
				CLANG_WARN_ENUM_CONVERSION = YES;
				CLANG_WARN_INFINITE_RECURSION = YES;
				CLANG_WARN_INT_CONVERSION = YES;
				CLANG_WARN_NON_LITERAL_NULL_CONVERSION = YES;
				CLANG_WARN_OBJC_IMPLICIT_RETAIN_SELF = YES;
				CLANG_WARN_OBJC_LITERAL_CONVERSION = YES;
				CLANG_WARN_OBJC_ROOT_CLASS = YES_ERROR;
				CLANG_WARN_QUOTED_INCLUDE_IN_FRAMEWORK_HEADER = YES;
				CLANG_WARN_RANGE_LOOP_ANALYSIS = YES;
				CLANG_WARN_STRICT_PROTOTYPES = YES;
				CLANG_WARN_SUSPICIOUS_MOVE = YES;
				CLANG_WARN_UNGUARDED_AVAILABILITY = YES_AGGRESSIVE;
				CLANG_WARN_UNREACHABLE_CODE = YES;
				CLANG_WARN__DUPLICATE_METHOD_MATCH = YES;
				COPY_PHASE_STRIP = NO;
				DEBUG_INFORMATION_FORMAT = dwarf;
				ENABLE_STRICT_OBJC_MSGSEND = YES;
				ENABLE_TESTABILITY = YES;
				GCC_C_LANGUAGE_STANDARD = gnu11;
				GCC_DYNAMIC_NO_PIC = NO;
				GCC_NO_COMMON_BLOCKS = YES;
				GCC_OPTIMIZATION_LEVEL = 0;
				GCC_PREPROCESSOR_DEFINITIONS = (
					"DEBUG=1",
					"$(inherited)",
				);
				GCC_WARN_64_TO_32_BIT_CONVERSION = YES;
				GCC_WARN_ABOUT_RETURN_TYPE = YES_ERROR;
				GCC_WARN_UNDECLARED_SELECTOR = YES;
				GCC_WARN_UNINITIALIZED_AUTOS = YES_AGGRESSIVE;
				GCC_WARN_UNUSED_FUNCTION = YES;
				GCC_WARN_UNUSED_VARIABLE = YES;
				IPHONEOS_DEPLOYMENT_TARGET = 15.0;
				MTL_ENABLE_DEBUG_INFO = INCLUDE_SOURCE;
				MTL_FAST_MATH = YES;
				ONLY_ACTIVE_ARCH = YES;
				SDKROOT = iphoneos;
				SWIFT_ACTIVE_COMPILATION_CONDITIONS = DEBUG;
				SWIFT_OPTIMIZATION_LEVEL = "-Onone";
			};
			name = Debug;
		};
		67399C38274C29BD007C4EF6 /* Release */ = {
			isa = XCBuildConfiguration;
			buildSettings = {
				ALWAYS_SEARCH_USER_PATHS = NO;
				CLANG_ANALYZER_NONNULL = YES;
				CLANG_ANALYZER_NUMBER_OBJECT_CONVERSION = YES_AGGRESSIVE;
				CLANG_CXX_LANGUAGE_STANDARD = "gnu++17";
				CLANG_CXX_LIBRARY = "libc++";
				CLANG_ENABLE_MODULES = YES;
				CLANG_ENABLE_OBJC_ARC = YES;
				CLANG_ENABLE_OBJC_WEAK = YES;
				CLANG_WARN_BLOCK_CAPTURE_AUTORELEASING = YES;
				CLANG_WARN_BOOL_CONVERSION = YES;
				CLANG_WARN_COMMA = YES;
				CLANG_WARN_CONSTANT_CONVERSION = YES;
				CLANG_WARN_DEPRECATED_OBJC_IMPLEMENTATIONS = YES;
				CLANG_WARN_DIRECT_OBJC_ISA_USAGE = YES_ERROR;
				CLANG_WARN_DOCUMENTATION_COMMENTS = YES;
				CLANG_WARN_EMPTY_BODY = YES;
				CLANG_WARN_ENUM_CONVERSION = YES;
				CLANG_WARN_INFINITE_RECURSION = YES;
				CLANG_WARN_INT_CONVERSION = YES;
				CLANG_WARN_NON_LITERAL_NULL_CONVERSION = YES;
				CLANG_WARN_OBJC_IMPLICIT_RETAIN_SELF = YES;
				CLANG_WARN_OBJC_LITERAL_CONVERSION = YES;
				CLANG_WARN_OBJC_ROOT_CLASS = YES_ERROR;
				CLANG_WARN_QUOTED_INCLUDE_IN_FRAMEWORK_HEADER = YES;
				CLANG_WARN_RANGE_LOOP_ANALYSIS = YES;
				CLANG_WARN_STRICT_PROTOTYPES = YES;
				CLANG_WARN_SUSPICIOUS_MOVE = YES;
				CLANG_WARN_UNGUARDED_AVAILABILITY = YES_AGGRESSIVE;
				CLANG_WARN_UNREACHABLE_CODE = YES;
				CLANG_WARN__DUPLICATE_METHOD_MATCH = YES;
				COPY_PHASE_STRIP = NO;
				DEBUG_INFORMATION_FORMAT = "dwarf-with-dsym";
				ENABLE_NS_ASSERTIONS = NO;
				ENABLE_STRICT_OBJC_MSGSEND = YES;
				GCC_C_LANGUAGE_STANDARD = gnu11;
				GCC_NO_COMMON_BLOCKS = YES;
				GCC_WARN_64_TO_32_BIT_CONVERSION = YES;
				GCC_WARN_ABOUT_RETURN_TYPE = YES_ERROR;
				GCC_WARN_UNDECLARED_SELECTOR = YES;
				GCC_WARN_UNINITIALIZED_AUTOS = YES_AGGRESSIVE;
				GCC_WARN_UNUSED_FUNCTION = YES;
				GCC_WARN_UNUSED_VARIABLE = YES;
				IPHONEOS_DEPLOYMENT_TARGET = 15.0;
				MTL_ENABLE_DEBUG_INFO = NO;
				MTL_FAST_MATH = YES;
				SDKROOT = iphoneos;
				SWIFT_COMPILATION_MODE = wholemodule;
				SWIFT_OPTIMIZATION_LEVEL = "-O";
				VALIDATE_PRODUCT = YES;
			};
			name = Release;
		};
		67399C3A274C29BD007C4EF6 /* Debug */ = {
			isa = XCBuildConfiguration;
			baseConfigurationReference = 5BE4EF27CA070A508263A152 /* Pods-movie-master.debug.xcconfig */;
			buildSettings = {
				ASSETCATALOG_COMPILER_APPICON_NAME = AppIcon;
				ASSETCATALOG_COMPILER_GLOBAL_ACCENT_COLOR_NAME = AccentColor;
				CODE_SIGN_STYLE = Automatic;
				CURRENT_PROJECT_VERSION = 1;
				DEVELOPMENT_TEAM = CPYF7YJ28K;
				GENERATE_INFOPLIST_FILE = YES;
				INFOPLIST_FILE = "movie-master/Support/Info.plist";
				INFOPLIST_KEY_CFBundleDisplayName = "Movie Master";
				INFOPLIST_KEY_UIApplicationSupportsIndirectInputEvents = YES;
				INFOPLIST_KEY_UILaunchStoryboardName = LaunchScreen;
				INFOPLIST_KEY_UIMainStoryboardFile = Main;
				INFOPLIST_KEY_UISupportedInterfaceOrientations_iPad = "UIInterfaceOrientationPortrait UIInterfaceOrientationPortraitUpsideDown UIInterfaceOrientationLandscapeLeft UIInterfaceOrientationLandscapeRight";
				INFOPLIST_KEY_UISupportedInterfaceOrientations_iPhone = "UIInterfaceOrientationPortrait UIInterfaceOrientationLandscapeLeft UIInterfaceOrientationLandscapeRight";
				IPHONEOS_DEPLOYMENT_TARGET = 13.0;
				LD_RUNPATH_SEARCH_PATHS = (
					"$(inherited)",
					"@executable_path/Frameworks",
				);
				MARKETING_VERSION = 1.0;
				PRODUCT_BUNDLE_IDENTIFIER = "com.ftrn.movie-master";
				PRODUCT_NAME = "$(TARGET_NAME)";
				SWIFT_EMIT_LOC_STRINGS = YES;
				SWIFT_VERSION = 5.0;
				TARGETED_DEVICE_FAMILY = "1,2";
			};
			name = Debug;
		};
		67399C3B274C29BD007C4EF6 /* Release */ = {
			isa = XCBuildConfiguration;
			baseConfigurationReference = 6D0ED0C583735D38C54E6DE6 /* Pods-movie-master.release.xcconfig */;
			buildSettings = {
				ASSETCATALOG_COMPILER_APPICON_NAME = AppIcon;
				ASSETCATALOG_COMPILER_GLOBAL_ACCENT_COLOR_NAME = AccentColor;
				CODE_SIGN_STYLE = Automatic;
				CURRENT_PROJECT_VERSION = 1;
				DEVELOPMENT_TEAM = CPYF7YJ28K;
				GENERATE_INFOPLIST_FILE = YES;
				INFOPLIST_FILE = "movie-master/Support/Info.plist";
				INFOPLIST_KEY_CFBundleDisplayName = "Movie Master";
				INFOPLIST_KEY_UIApplicationSupportsIndirectInputEvents = YES;
				INFOPLIST_KEY_UILaunchStoryboardName = LaunchScreen;
				INFOPLIST_KEY_UIMainStoryboardFile = Main;
				INFOPLIST_KEY_UISupportedInterfaceOrientations_iPad = "UIInterfaceOrientationPortrait UIInterfaceOrientationPortraitUpsideDown UIInterfaceOrientationLandscapeLeft UIInterfaceOrientationLandscapeRight";
				INFOPLIST_KEY_UISupportedInterfaceOrientations_iPhone = "UIInterfaceOrientationPortrait UIInterfaceOrientationLandscapeLeft UIInterfaceOrientationLandscapeRight";
				IPHONEOS_DEPLOYMENT_TARGET = 13.0;
				LD_RUNPATH_SEARCH_PATHS = (
					"$(inherited)",
					"@executable_path/Frameworks",
				);
				MARKETING_VERSION = 1.0;
				PRODUCT_BUNDLE_IDENTIFIER = "com.ftrn.movie-master";
				PRODUCT_NAME = "$(TARGET_NAME)";
				SWIFT_EMIT_LOC_STRINGS = YES;
				SWIFT_VERSION = 5.0;
				TARGETED_DEVICE_FAMILY = "1,2";
			};
			name = Release;
		};
/* End XCBuildConfiguration section */

/* Begin XCConfigurationList section */
		67399C20274C29BB007C4EF6 /* Build configuration list for PBXProject "movie-master" */ = {
			isa = XCConfigurationList;
			buildConfigurations = (
				67399C37274C29BD007C4EF6 /* Debug */,
				67399C38274C29BD007C4EF6 /* Release */,
			);
			defaultConfigurationIsVisible = 0;
			defaultConfigurationName = Release;
		};
		67399C39274C29BD007C4EF6 /* Build configuration list for PBXNativeTarget "movie-master" */ = {
			isa = XCConfigurationList;
			buildConfigurations = (
				67399C3A274C29BD007C4EF6 /* Debug */,
				67399C3B274C29BD007C4EF6 /* Release */,
			);
			defaultConfigurationIsVisible = 0;
			defaultConfigurationName = Release;
		};
/* End XCConfigurationList section */
	};
	rootObject = 67399C1D274C29BB007C4EF6 /* Project object */;
}
